
Microsoft Visual Studio Solution File, Format Version 12.00
# Visual Studio 2012
Project("{FAE04EC0-301F-11D3-BF4B-00C04F79EFBC}") = "SerializationUtil", "SerializationUtil\SerializationUtil.csproj", "{CA4DB75F-2E6D-4461-B1CC-438331293C80}"
EndProject
Project("{FAE04EC0-301F-11D3-BF4B-00C04F79EFBC}") = "Test", "Test\Test.csproj", "{4D6393F1-44AF-4BE4-8D3F-2E89C0B58947}"
EndProject
Global
	GlobalSection(SolutionConfigurationPlatforms) = preSolution
		Debug|x86 = Debug|x86
		Release|x86 = Release|x86
	EndGlobalSection
	GlobalSection(ProjectConfigurationPlatforms) = postSolution
		{CA4DB75F-2E6D-4461-B1CC-438331293C80}.Debug|x86.ActiveCfg = Debug|x86
		{CA4DB75F-2E6D-4461-B1CC-438331293C80}.Debug|x86.Build.0 = Debug|x86
		{CA4DB75F-2E6D-4461-B1CC-438331293C80}.Release|x86.ActiveCfg = Release|x86
		{CA4DB75F-2E6D-4461-B1CC-438331293C80}.Release|x86.Build.0 = Release|x86
		{4D6393F1-44AF-4BE4-8D3F-2E89C0B58947}.Debug|x86.ActiveCfg = Debug|Any CPU
		{4D6393F1-44AF-4BE4-8D3F-2E89C0B58947}.Debug|x86.Build.0 = Debug|Any CPU
		{4D6393F1-44AF-4BE4-8D3F-2E89C0B58947}.Release|x86.ActiveCfg = Release|Any CPU
		{4D6393F1-44AF-4BE4-8D3F-2E89C0B58947}.Release|x86.Build.0 = Release|Any CPU
	EndGlobalSection
EndGlobal
